
Microsoft Visual Studio Solution File, Format Version 12.00
# Visual Studio Version 17
VisualStudioVersion = 17.3.32929.385
MinimumVisualStudioVersion = 10.0.40219.1
Project("{9A19103F-16F7-4668-BE54-9A1E7A4F7556}") = "APILojas", "APILojas.csproj", "{B7456F6E-53A7-40AA-8779-BC86C7D8BAC3}"
EndProject
Global
	GlobalSection(SolutionConfigurationPlatforms) = preSolution
		Debug|Any CPU = Debug|Any CPU
		Release|Any CPU = Release|Any CPU
	EndGlobalSection
	GlobalSection(ProjectConfigurationPlatforms) = postSolution
		{B7456F6E-53A7-40AA-8779-BC86C7D8BAC3}.Debug|Any CPU.ActiveCfg = Debug|Any CPU
		{B7456F6E-53A7-40AA-8779-BC86C7D8BAC3}.Debug|Any CPU.Build.0 = Debug|Any CPU
		{B7456F6E-53A7-40AA-8779-BC86C7D8BAC3}.Release|Any CPU.ActiveCfg = Release|Any CPU
		{B7456F6E-53A7-40AA-8779-BC86C7D8BAC3}.Release|Any CPU.Build.0 = Release|Any CPU
	EndGlobalSection
	GlobalSection(SolutionProperties) = preSolution
		HideSolutionNode = FALSE
	EndGlobalSection
	GlobalSection(ExtensibilityGlobals) = postSolution
		SolutionGuid = {0D389F25-7867-4FA2-A0F7-1060521DCC46}
	EndGlobalSection
EndGlobal
